// !$*UTF8*$!
{
	archiveVersion = 1;
	classes = {
	};
	objectVersion = 77;
	objects = {

/* Begin PBXBuildFile section */
		E46AEB882F12EC1000B40B18 /* WidgetKit.framework in Frameworks */ = {isa = PBXBuildFile; fileRef = E46AEB872F12EC1000B40B18 /* WidgetKit.framework */; };
		E46AEB8A2F12EC1000B40B18 /* SwiftUI.framework in Frameworks */ = {isa = PBXBuildFile; fileRef = E46AEB892F12EC1000B40B18 /* SwiftUI.framework */; };
		E46AEB952F12EC1100B40B18 /* YearDotsWidgetExtension.appex in Embed Foundation Extensions */ = {isa = PBXBuildFile; fileRef = E46AEB852F12EC1000B40B18 /* YearDotsWidgetExtension.appex */; settings = {ATTRIBUTES = (RemoveHeadersOnCopy, ); }; };
/* End PBXBuildFile section */

/* Begin PBXContainerItemProxy section */
		E46AEB642F12B1C500B40B18 /* PBXContainerItemProxy */ = {
			isa = PBXContainerItemProxy;
			containerPortal = E46AEB4E2F12B1C400B40B18 /* Project object */;
			proxyType = 1;
			remoteGlobalIDString = E46AEB552F12B1C400B40B18;
			remoteInfo = YearDotsCountdown;
		};
		E46AEB6E2F12B1C500B40B18 /* PBXContainerItemProxy */ = {
			isa = PBXContainerItemProxy;
			containerPortal = E46AEB4E2F12B1C400B40B18 /* Project object */;
			proxyType = 1;
			remoteGlobalIDString = E46AEB552F12B1C400B40B18;
			remoteInfo = YearDotsCountdown;
		};
		E46AEB932F12EC1100B40B18 /* PBXContainerItemProxy */ = {
			isa = PBXContainerItemProxy;
			containerPortal = E46AEB4E2F12B1C400B40B18 /* Project object */;
			proxyType = 1;
			remoteGlobalIDString = E46AEB842F12EC1000B40B18;
			remoteInfo = YearDotsWidgetExtension;
		};
/* End PBXContainerItemProxy section */

/* Begin PBXCopyFilesBuildPhase section */
		E46AEB9A2F12EC1100B40B18 /* Embed Foundation Extensions */ = {
			isa = PBXCopyFilesBuildPhase;
			buildActionMask = 2147483647;
			dstPath = "";
			dstSubfolderSpec = 13;
			files = (
				E46AEB952F12EC1100B40B18 /* YearDotsWidgetExtension.appex in Embed Foundation Extensions */,
			);
			name = "Embed Foundation Extensions";
			runOnlyForDeploymentPostprocessing = 0;
		};
/* End PBXCopyFilesBuildPhase section */

/* Begin PBXFileReference section */
		E46AEB562F12B1C400B40B18 /* YearDotsCountdown.app */ = {isa = PBXFileReference; explicitFileType = wrapper.application; includeInIndex = 0; path = YearDotsCountdown.app; sourceTree = BUILT_PRODUCTS_DIR; };
		E46AEB632F12B1C500B40B18 /* YearDotsCountdownTests.xctest */ = {isa = PBXFileReference; explicitFileType = wrapper.cfbundle; includeInIndex = 0; path = YearDotsCountdownTests.xctest; sourceTree = BUILT_PRODUCTS_DIR; };
		E46AEB6D2F12B1C500B40B18 /* YearDotsCountdownUITests.xctest */ = {isa = PBXFileReference; explicitFileType = wrapper.cfbundle; includeInIndex = 0; path = YearDotsCountdownUITests.xctest; sourceTree = BUILT_PRODUCTS_DIR; };
		E46AEB852F12EC1000B40B18 /* YearDotsWidgetExtension.appex */ = {isa = PBXFileReference; explicitFileType = "wrapper.app-extension"; includeInIndex = 0; path = YearDotsWidgetExtension.appex; sourceTree = BUILT_PRODUCTS_DIR; };
		E46AEB872F12EC1000B40B18 /* WidgetKit.framework */ = {isa = PBXFileReference; lastKnownFileType = wrapper.framework; name = WidgetKit.framework; path = System/Library/Frameworks/WidgetKit.framework; sourceTree = SDKROOT; };
		E46AEB892F12EC1000B40B18 /* SwiftUI.framework */ = {isa = PBXFileReference; lastKnownFileType = wrapper.framework; name = SwiftUI.framework; path = System/Library/Frameworks/SwiftUI.framework; sourceTree = SDKROOT; };
/* End PBXFileReference section */

/* Begin PBXFileSystemSynchronizedBuildFileExceptionSet section */
		E46AEB962F12EC1100B40B18 /* Exceptions for "YearDotsWidget" folder in "YearDotsWidgetExtension" target */ = {
			isa = PBXFileSystemSynchronizedBuildFileExceptionSet;
			membershipExceptions = (
				Info.plist,
			);
			target = E46AEB842F12EC1000B40B18 /* YearDotsWidgetExtension */;
		};
/* End PBXFileSystemSynchronizedBuildFileExceptionSet section */

/* Begin PBXFileSystemSynchronizedRootGroup section */
		E46AEB582F12B1C400B40B18 /* YearDotsCountdown */ = {
			isa = PBXFileSystemSynchronizedRootGroup;
			path = YearDotsCountdown;
			sourceTree = "<group>";
		};
		E46AEB662F12B1C500B40B18 /* YearDotsCountdownTests */ = {
			isa = PBXFileSystemSynchronizedRootGroup;
			path = YearDotsCountdownTests;
			sourceTree = "<group>";
		};
		E46AEB702F12B1C500B40B18 /* YearDotsCountdownUITests */ = {
			isa = PBXFileSystemSynchronizedRootGroup;
			path = YearDotsCountdownUITests;
			sourceTree = "<group>";
		};
		E46AEB8B2F12EC1000B40B18 /* YearDotsWidget */ = {
			isa = PBXFileSystemSynchronizedRootGroup;
			exceptions = (
				E46AEB962F12EC1100B40B18 /* Exceptions for "YearDotsWidget" folder in "YearDotsWidgetExtension" target */,
			);
			path = YearDotsWidget;
			sourceTree = "<group>";
		};
/* End PBXFileSystemSynchronizedRootGroup section */

/* Begin PBXFrameworksBuildPhase section */
		E46AEB532F12B1C400B40B18 /* Frameworks */ = {
			isa = PBXFrameworksBuildPhase;
			buildActionMask = 2147483647;
			files = (
			);
			runOnlyForDeploymentPostprocessing = 0;
		};
		E46AEB602F12B1C500B40B18 /* Frameworks */ = {
			isa = PBXFrameworksBuildPhase;
			buildActionMask = 2147483647;
			files = (
			);
			runOnlyForDeploymentPostprocessing = 0;
		};
		E46AEB6A2F12B1C500B40B18 /* Frameworks */ = {
			isa = PBXFrameworksBuildPhase;
			buildActionMask = 2147483647;
			files = (
			);
			runOnlyForDeploymentPostprocessing = 0;
		};
		E46AEB822F12EC1000B40B18 /* Frameworks */ = {
			isa = PBXFrameworksBuildPhase;
			buildActionMask = 2147483647;
			files = (
				E46AEB8A2F12EC1000B40B18 /* SwiftUI.framework in Frameworks */,
				E46AEB882F12EC1000B40B18 /* WidgetKit.framework in Frameworks */,
			);
			runOnlyForDeploymentPostprocessing = 0;
		};
/* End PBXFrameworksBuildPhase section */

/* Begin PBXGroup section */
		E46AEB4D2F12B1C400B40B18 = {
			isa = PBXGroup;
			children = (
				E46AEB582F12B1C400B40B18 /* YearDotsCountdown */,
				E46AEB662F12B1C500B40B18 /* YearDotsCountdownTests */,
				E46AEB702F12B1C500B40B18 /* YearDotsCountdownUITests */,
				E46AEB8B2F12EC1000B40B18 /* YearDotsWidget */,
				E46AEB862F12EC1000B40B18 /* Frameworks */,
				E46AEB572F12B1C400B40B18 /* Products */,
			);
			sourceTree = "<group>";
		};
		E46AEB572F12B1C400B40B18 /* Products */ = {
			isa = PBXGroup;
			children = (
				E46AEB562F12B1C400B40B18 /* YearDotsCountdown.app */,
				E46AEB632F12B1C500B40B18 /* YearDotsCountdownTests.xctest */,
				E46AEB6D2F12B1C500B40B18 /* YearDotsCountdownUITests.xctest */,
				E46AEB852F12EC1000B40B18 /* YearDotsWidgetExtension.appex */,
			);
			name = Products;
			sourceTree = "<group>";
		};
		E46AEB862F12EC1000B40B18 /* Frameworks */ = {
			isa = PBXGroup;
			children = (
				E46AEB872F12EC1000B40B18 /* WidgetKit.framework */,
				E46AEB892F12EC1000B40B18 /* SwiftUI.framework */,
			);
			name = Frameworks;
			sourceTree = "<group>";
		};
/* End PBXGroup section */

/* Begin PBXNativeTarget section */
		E46AEB552F12B1C400B40B18 /* YearDotsCountdown */ = {
			isa = PBXNativeTarget;
			buildConfigurationList = E46AEB772F12B1C500B40B18 /* Build configuration list for PBXNativeTarget "YearDotsCountdown" */;
			buildPhases = (
				E46AEB522F12B1C400B40B18 /* Sources */,
				E46AEB532F12B1C400B40B18 /* Frameworks */,
				E46AEB542F12B1C400B40B18 /* Resources */,
				E46AEB9A2F12EC1100B40B18 /* Embed Foundation Extensions */,
			);
			buildRules = (
			);
			dependencies = (
				E46AEB942F12EC1100B40B18 /* PBXTargetDependency */,
			);
			fileSystemSynchronizedGroups = (
				E46AEB582F12B1C400B40B18 /* YearDotsCountdown */,
			);
			name = YearDotsCountdown;
			packageProductDependencies = (
			);
			productName = YearDotsCountdown;
			productReference = E46AEB562F12B1C400B40B18 /* YearDotsCountdown.app */;
			productType = "com.apple.product-type.application";
		};
		E46AEB622F12B1C500B40B18 /* YearDotsCountdownTests */ = {
			isa = PBXNativeTarget;
			buildConfigurationList = E46AEB7A2F12B1C500B40B18 /* Build configuration list for PBXNativeTarget "YearDotsCountdownTests" */;
			buildPhases = (
				E46AEB5F2F12B1C500B40B18 /* Sources */,
				E46AEB602F12B1C500B40B18 /* Frameworks */,
				E46AEB612F12B1C500B40B18 /* Resources */,
			);
			buildRules = (
			);
			dependencies = (
				E46AEB652F12B1C500B40B18 /* PBXTargetDependency */,
			);
			fileSystemSynchronizedGroups = (
				E46AEB662F12B1C500B40B18 /* YearDotsCountdownTests */,
			);
			name = YearDotsCountdownTests;
			packageProductDependencies = (
			);
			productName = YearDotsCountdownTests;
			productReference = E46AEB632F12B1C500B40B18 /* YearDotsCountdownTests.xctest */;
			productType = "com.apple.product-type.bundle.unit-test";
		};
		E46AEB6C2F12B1C500B40B18 /* YearDotsCountdownUITests */ = {
			isa = PBXNativeTarget;
			buildConfigurationList = E46AEB7D2F12B1C500B40B18 /* Build configuration list for PBXNativeTarget "YearDotsCountdownUITests" */;
			buildPhases = (
				E46AEB692F12B1C500B40B18 /* Sources */,
				E46AEB6A2F12B1C500B40B18 /* Frameworks */,
				E46AEB6B2F12B1C500B40B18 /* Resources */,
			);
			buildRules = (
			);
			dependencies = (
				E46AEB6F2F12B1C500B40B18 /* PBXTargetDependency */,
			);
			fileSystemSynchronizedGroups = (
				E46AEB702F12B1C500B40B18 /* YearDotsCountdownUITests */,
			);
			name = YearDotsCountdownUITests;
			packageProductDependencies = (
			);
			productName = YearDotsCountdownUITests;
			productReference = E46AEB6D2F12B1C500B40B18 /* YearDotsCountdownUITests.xctest */;
			productType = "com.apple.product-type.bundle.ui-testing";
		};
		E46AEB842F12EC1000B40B18 /* YearDotsWidgetExtension */ = {
			isa = PBXNativeTarget;
			buildConfigurationList = E46AEB972F12EC1100B40B18 /* Build configuration list for PBXNativeTarget "YearDotsWidgetExtension" */;
			buildPhases = (
				E46AEB812F12EC1000B40B18 /* Sources */,
				E46AEB822F12EC1000B40B18 /* Frameworks */,
				E46AEB832F12EC1000B40B18 /* Resources */,
			);
			buildRules = (
			);
			dependencies = (
			);
			fileSystemSynchronizedGroups = (
				E46AEB8B2F12EC1000B40B18 /* YearDotsWidget */,
			);
			name = YearDotsWidgetExtension;
			packageProductDependencies = (
			);
			productName = YearDotsWidgetExtension;
			productReference = E46AEB852F12EC1000B40B18 /* YearDotsWidgetExtension.appex */;
			productType = "com.apple.product-type.app-extension";
		};
/* End PBXNativeTarget section */

/* Begin PBXProject section */
		E46AEB4E2F12B1C400B40B18 /* Project object */ = {
			isa = PBXProject;
			attributes = {
				BuildIndependentTargetsInParallel = 1;
				LastSwiftUpdateCheck = 2620;
				LastUpgradeCheck = 2620;
				TargetAttributes = {
					E46AEB552F12B1C400B40B18 = {
						CreatedOnToolsVersion = 26.2;
					};
					E46AEB622F12B1C500B40B18 = {
						CreatedOnToolsVersion = 26.2;
						TestTargetID = E46AEB552F12B1C400B40B18;
					};
					E46AEB6C2F12B1C500B40B18 = {
						CreatedOnToolsVersion = 26.2;
						TestTargetID = E46AEB552F12B1C400B40B18;
					};
					E46AEB842F12EC1000B40B18 = {
						CreatedOnToolsVersion = 26.2;
					};
				};
			};
			buildConfigurationList = E46AEB512F12B1C400B40B18 /* Build configuration list for PBXProject "YearDotsCountdown" */;
			developmentRegion = en;
			hasScannedForEncodings = 0;
			knownRegions = (
				en,
				Base,
			);
			mainGroup = E46AEB4D2F12B1C400B40B18;
			minimizedProjectReferenceProxies = 1;
			preferredProjectObjectVersion = 77;
			productRefGroup = E46AEB572F12B1C400B40B18 /* Products */;
			projectDirPath = "";
			projectRoot = "";
			targets = (
				E46AEB552F12B1C400B40B18 /* YearDotsCountdown */,
				E46AEB622F12B1C500B40B18 /* YearDotsCountdownTests */,
				E46AEB6C2F12B1C500B40B18 /* YearDotsCountdownUITests */,
				E46AEB842F12EC1000B40B18 /* YearDotsWidgetExtension */,
			);
		};
/* End PBXProject section */

/* Begin PBXResourcesBuildPhase section */
		E46AEB542F12B1C400B40B18 /* Resources */ = {
			isa = PBXResourcesBuildPhase;
			buildActionMask = 2147483647;
			files = (
			);
			runOnlyForDeploymentPostprocessing = 0;
		};
		E46AEB612F12B1C500B40B18 /* Resources */ = {
			isa = PBXResourcesBuildPhase;
			buildActionMask = 2147483647;
			files = (
			);
			runOnlyForDeploymentPostprocessing = 0;
		};
		E46AEB6B2F12B1C500B40B18 /* Resources */ = {
			isa = PBXResourcesBuildPhase;
			buildActionMask = 2147483647;
			files = (
			);
			runOnlyForDeploymentPostprocessing = 0;
		};
		E46AEB832F12EC1000B40B18 /* Resources */ = {
			isa = PBXResourcesBuildPhase;
			buildActionMask = 2147483647;
			files = (
			);
			runOnlyForDeploymentPostprocessing = 0;
		};
/* End PBXResourcesBuildPhase section */

/* Begin PBXSourcesBuildPhase section */
		E46AEB522F12B1C400B40B18 /* Sources */ = {
			isa = PBXSourcesBuildPhase;
			buildActionMask = 2147483647;
			files = (
			);
			runOnlyForDeploymentPostprocessing = 0;
		};
		E46AEB5F2F12B1C500B40B18 /* Sources */ = {
			isa = PBXSourcesBuildPhase;
			buildActionMask = 2147483647;
			files = (
			);
			runOnlyForDeploymentPostprocessing = 0;
		};
		E46AEB692F12B1C500B40B18 /* Sources */ = {
			isa = PBXSourcesBuildPhase;
			buildActionMask = 2147483647;
			files = (
			);
			runOnlyForDeploymentPostprocessing = 0;
		};
		E46AEB812F12EC1000B40B18 /* Sources */ = {
			isa = PBXSourcesBuildPhase;
			buildActionMask = 2147483647;
			files = (
			);
			runOnlyForDeploymentPostprocessing = 0;
		};
/* End PBXSourcesBuildPhase section */

/* Begin PBXTargetDependency section */
		E46AEB652F12B1C500B40B18 /* PBXTargetDependency */ = {
			isa = PBXTargetDependency;
			target = E46AEB552F12B1C400B40B18 /* YearDotsCountdown */;
			targetProxy = E46AEB642F12B1C500B40B18 /* PBXContainerItemProxy */;
		};
		E46AEB6F2F12B1C500B40B18 /* PBXTargetDependency */ = {
			isa = PBXTargetDependency;
			target = E46AEB552F12B1C400B40B18 /* YearDotsCountdown */;
			targetProxy = E46AEB6E2F12B1C500B40B18 /* PBXContainerItemProxy */;
		};
		E46AEB942F12EC1100B40B18 /* PBXTargetDependency */ = {
			isa = PBXTargetDependency;
			target = E46AEB842F12EC1000B40B18 /* YearDotsWidgetExtension */;
			targetProxy = E46AEB932F12EC1100B40B18 /* PBXContainerItemProxy */;
		};
/* End PBXTargetDependency section */

/* Begin XCBuildConfiguration section */
		E46AEB752F12B1C500B40B18 /* Debug */ = {
			isa = XCBuildConfiguration;
			buildSettings = {
				ALWAYS_SEARCH_USER_PATHS = NO;
				ASSETCATALOG_COMPILER_GENERATE_SWIFT_ASSET_SYMBOL_EXTENSIONS = YES;
				CLANG_ANALYZER_NONNULL = YES;
				CLANG_ANALYZER_NUMBER_OBJECT_CONVERSION = YES_AGGRESSIVE;
				CLANG_CXX_LANGUAGE_STANDARD = "gnu++20";
				CLANG_ENABLE_MODULES = YES;
				CLANG_ENABLE_OBJC_ARC = YES;
				CLANG_ENABLE_OBJC_WEAK = YES;
				CLANG_WARN_BLOCK_CAPTURE_AUTORELEASING = YES;
				CLANG_WARN_BOOL_CONVERSION = YES;
				CLANG_WARN_COMMA = YES;
				CLANG_WARN_CONSTANT_CONVERSION = YES;
				CLANG_WARN_DEPRECATED_OBJC_IMPLEMENTATIONS = YES;
				CLANG_WARN_DIRECT_OBJC_ISA_USAGE = YES_ERROR;
				CLANG_WARN_DOCUMENTATION_COMMENTS = YES;
				CLANG_WARN_EMPTY_BODY = YES;
				CLANG_WARN_ENUM_CONVERSION = YES;
				CLANG_WARN_INFINITE_RECURSION = YES;
				CLANG_WARN_INT_CONVERSION = YES;
				CLANG_WARN_NON_LITERAL_NULL_CONVERSION = YES;
				CLANG_WARN_OBJC_IMPLICIT_RETAIN_SELF = YES;
				CLANG_WARN_OBJC_LITERAL_CONVERSION = YES;
				CLANG_WARN_OBJC_ROOT_CLASS = YES_ERROR;
				CLANG_WARN_QUOTED_INCLUDE_IN_FRAMEWORK_HEADER = YES;
				CLANG_WARN_RANGE_LOOP_ANALYSIS = YES;
				CLANG_WARN_STRICT_PROTOTYPES = YES;
				CLANG_WARN_SUSPICIOUS_MOVE = YES;
				CLANG_WARN_UNGUARDED_AVAILABILITY = YES_AGGRESSIVE;
				CLANG_WARN_UNREACHABLE_CODE = YES;
				CLANG_WARN__DUPLICATE_METHOD_MATCH = YES;
				COPY_PHASE_STRIP = NO;
				DEBUG_INFORMATION_FORMAT = dwarf;
				DEVELOPMENT_TEAM = 322C5KM9KJ;
				ENABLE_STRICT_OBJC_MSGSEND = YES;
				ENABLE_TESTABILITY = YES;
				ENABLE_USER_SCRIPT_SANDBOXING = YES;
				GCC_C_LANGUAGE_STANDARD = gnu17;
				GCC_DYNAMIC_NO_PIC = NO;
				GCC_NO_COMMON_BLOCKS = YES;
				GCC_OPTIMIZATION_LEVEL = 0;
				GCC_PREPROCESSOR_DEFINITIONS = (
					"DEBUG=1",
					"$(inherited)",
				);
				GCC_WARN_64_TO_32_BIT_CONVERSION = YES;
				GCC_WARN_ABOUT_RETURN_TYPE = YES_ERROR;
				GCC_WARN_UNDECLARED_SELECTOR = YES;
				GCC_WARN_UNINITIALIZED_AUTOS = YES_AGGRESSIVE;
				GCC_WARN_UNUSED_FUNCTION = YES;
				GCC_WARN_UNUSED_VARIABLE = YES;
				LOCALIZATION_PREFERS_STRING_CATALOGS = YES;
				MTL_ENABLE_DEBUG_INFO = INCLUDE_SOURCE;
				MTL_FAST_MATH = YES;
				ONLY_ACTIVE_ARCH = YES;
				SWIFT_ACTIVE_COMPILATION_CONDITIONS = "DEBUG $(inherited)";
				SWIFT_OPTIMIZATION_LEVEL = "-Onone";
			};
			name = Debug;
		};
		E46AEB762F12B1C500B40B18 /* Release */ = {
			isa = XCBuildConfiguration;
			buildSettings = {
				ALWAYS_SEARCH_USER_PATHS = NO;
				ASSETCATALOG_COMPILER_GENERATE_SWIFT_ASSET_SYMBOL_EXTENSIONS = YES;
				CLANG_ANALYZER_NONNULL = YES;
				CLANG_ANALYZER_NUMBER_OBJECT_CONVERSION = YES_AGGRESSIVE;
				CLANG_CXX_LANGUAGE_STANDARD = "gnu++20";
				CLANG_ENABLE_MODULES = YES;
				CLANG_ENABLE_OBJC_ARC = YES;
				CLANG_ENABLE_OBJC_WEAK = YES;
				CLANG_WARN_BLOCK_CAPTURE_AUTORELEASING = YES;
				CLANG_WARN_BOOL_CONVERSION = YES;
				CLANG_WARN_COMMA = YES;
				CLANG_WARN_CONSTANT_CONVERSION = YES;
				CLANG_WARN_DEPRECATED_OBJC_IMPLEMENTATIONS = YES;
				CLANG_WARN_DIRECT_OBJC_ISA_USAGE = YES_ERROR;
				CLANG_WARN_DOCUMENTATION_COMMENTS = YES;
				CLANG_WARN_EMPTY_BODY = YES;
				CLANG_WARN_ENUM_CONVERSION = YES;
				CLANG_WARN_INFINITE_RECURSION = YES;
				CLANG_WARN_INT_CONVERSION = YES;
				CLANG_WARN_NON_LITERAL_NULL_CONVERSION = YES;
				CLANG_WARN_OBJC_IMPLICIT_RETAIN_SELF = YES;
				CLANG_WARN_OBJC_LITERAL_CONVERSION = YES;
				CLANG_WARN_OBJC_ROOT_CLASS = YES_ERROR;
				CLANG_WARN_QUOTED_INCLUDE_IN_FRAMEWORK_HEADER = YES;
				CLANG_WARN_RANGE_LOOP_ANALYSIS = YES;
				CLANG_WARN_STRICT_PROTOTYPES = YES;
				CLANG_WARN_SUSPICIOUS_MOVE = YES;
				CLANG_WARN_UNGUARDED_AVAILABILITY = YES_AGGRESSIVE;
				CLANG_WARN_UNREACHABLE_CODE = YES;
				CLANG_WARN__DUPLICATE_METHOD_MATCH = YES;
				COPY_PHASE_STRIP = NO;
				DEBUG_INFORMATION_FORMAT = "dwarf-with-dsym";
				DEVELOPMENT_TEAM = 322C5KM9KJ;
				ENABLE_NS_ASSERTIONS = NO;
				ENABLE_STRICT_OBJC_MSGSEND = YES;
				ENABLE_USER_SCRIPT_SANDBOXING = YES;
				GCC_C_LANGUAGE_STANDARD = gnu17;
				GCC_NO_COMMON_BLOCKS = YES;
				GCC_WARN_64_TO_32_BIT_CONVERSION = YES;
				GCC_WARN_ABOUT_RETURN_TYPE = YES_ERROR;
				GCC_WARN_UNDECLARED_SELECTOR = YES;
				GCC_WARN_UNINITIALIZED_AUTOS = YES_AGGRESSIVE;
				GCC_WARN_UNUSED_FUNCTION = YES;
				GCC_WARN_UNUSED_VARIABLE = YES;
				LOCALIZATION_PREFERS_STRING_CATALOGS = YES;
				MTL_ENABLE_DEBUG_INFO = NO;
				MTL_FAST_MATH = YES;
				SWIFT_COMPILATION_MODE = wholemodule;
			};
			name = Release;
		};
		E46AEB782F12B1C500B40B18 /* Debug */ = {
			isa = XCBuildConfiguration;
			buildSettings = {
				ASSETCATALOG_COMPILER_APPICON_NAME = AppIcon;
				ASSETCATALOG_COMPILER_GLOBAL_ACCENT_COLOR_NAME = AccentColor;
				CODE_SIGN_STYLE = Automatic;
				CURRENT_PROJECT_VERSION = 1;
				DEVELOPMENT_TEAM = 322C5KM9KJ;
				ENABLE_APP_SANDBOX = YES;
				ENABLE_HARDENED_RUNTIME = YES;
				ENABLE_PREVIEWS = YES;
				ENABLE_USER_SELECTED_FILES = readonly;
				GENERATE_INFOPLIST_FILE = YES;
				"INFOPLIST_KEY_UIApplicationSceneManifest_Generation[sdk=iphoneos*]" = YES;
				"INFOPLIST_KEY_UIApplicationSceneManifest_Generation[sdk=iphonesimulator*]" = YES;
				"INFOPLIST_KEY_UIApplicationSupportsIndirectInputEvents[sdk=iphoneos*]" = YES;
				"INFOPLIST_KEY_UIApplicationSupportsIndirectInputEvents[sdk=iphonesimulator*]" = YES;
				"INFOPLIST_KEY_UILaunchScreen_Generation[sdk=iphoneos*]" = YES;
				"INFOPLIST_KEY_UILaunchScreen_Generation[sdk=iphonesimulator*]" = YES;
				"INFOPLIST_KEY_UIStatusBarStyle[sdk=iphoneos*]" = UIStatusBarStyleDefault;
				"INFOPLIST_KEY_UIStatusBarStyle[sdk=iphonesimulator*]" = UIStatusBarStyleDefault;
				INFOPLIST_KEY_UISupportedInterfaceOrientations = UIInterfaceOrientationPortrait;
				IPHONEOS_DEPLOYMENT_TARGET = 26.2;
				LD_RUNPATH_SEARCH_PATHS = "@executable_path/Frameworks";
				"LD_RUNPATH_SEARCH_PATHS[sdk=macosx*]" = "@executable_path/../Frameworks";
				MACOSX_DEPLOYMENT_TARGET = 26.2;
				MARKETING_VERSION = 1.0;
				PRODUCT_BUNDLE_IDENTIFIER = Lumina.YearDotsCountdown;
				PRODUCT_NAME = "$(TARGET_NAME)";
				REGISTER_APP_GROUPS = YES;
				SDKROOT = auto;
				STRING_CATALOG_GENERATE_SYMBOLS = YES;
				SUPPORTED_PLATFORMS = "iphoneos iphonesimulator macosx xros xrsimulator";
				SWIFT_APPROACHABLE_CONCURRENCY = YES;
				SWIFT_DEFAULT_ACTOR_ISOLATION = MainActor;
				SWIFT_EMIT_LOC_STRINGS = YES;
				SWIFT_UPCOMING_FEATURE_MEMBER_IMPORT_VISIBILITY = YES;
				SWIFT_VERSION = 5.0;
				TARGETED_DEVICE_FAMILY = "1,2,7";
				XROS_DEPLOYMENT_TARGET = 26.2;
			};
			name = Debug;
		};
		E46AEB792F12B1C500B40B18 /* Release */ = {
			isa = XCBuildConfiguration;
			buildSettings = {
				ASSETCATALOG_COMPILER_APPICON_NAME = AppIcon;
				ASSETCATALOG_COMPILER_GLOBAL_ACCENT_COLOR_NAME = AccentColor;
				CODE_SIGN_STYLE = Automatic;
				CURRENT_PROJECT_VERSION = 1;
				DEVELOPMENT_TEAM = 322C5KM9KJ;
				ENABLE_APP_SANDBOX = YES;
				ENABLE_HARDENED_RUNTIME = YES;
				ENABLE_PREVIEWS = YES;
				ENABLE_USER_SELECTED_FILES = readonly;
				GENERATE_INFOPLIST_FILE = YES;
				"INFOPLIST_KEY_UIApplicationSceneManifest_Generation[sdk=iphoneos*]" = YES;
				"INFOPLIST_KEY_UIApplicationSceneManifest_Generation[sdk=iphonesimulator*]" = YES;
				"INFOPLIST_KEY_UIApplicationSupportsIndirectInputEvents[sdk=iphoneos*]" = YES;
				"INFOPLIST_KEY_UIApplicationSupportsIndirectInputEvents[sdk=iphonesimulator*]" = YES;
				"INFOPLIST_KEY_UILaunchScreen_Generation[sdk=iphoneos*]" = YES;
				"INFOPLIST_KEY_UILaunchScreen_Generation[sdk=iphonesimulator*]" = YES;
				"INFOPLIST_KEY_UIStatusBarStyle[sdk=iphoneos*]" = UIStatusBarStyleDefault;
				"INFOPLIST_KEY_UIStatusBarStyle[sdk=iphonesimulator*]" = UIStatusBarStyleDefault;
				INFOPLIST_KEY_UISupportedInterfaceOrientations = UIInterfaceOrientationPortrait;
				IPHONEOS_DEPLOYMENT_TARGET = 26.2;
				LD_RUNPATH_SEARCH_PATHS = "@executable_path/Frameworks";
				"LD_RUNPATH_SEARCH_PATHS[sdk=macosx*]" = "@executable_path/../Frameworks";
				MACOSX_DEPLOYMENT_TARGET = 26.2;
				MARKETING_VERSION = 1.0;
				PRODUCT_BUNDLE_IDENTIFIER = Lumina.YearDotsCountdown;
				PRODUCT_NAME = "$(TARGET_NAME)";
				REGISTER_APP_GROUPS = YES;
				SDKROOT = auto;
				STRING_CATALOG_GENERATE_SYMBOLS = YES;
				SUPPORTED_PLATFORMS = "iphoneos iphonesimulator macosx xros xrsimulator";
				SWIFT_APPROACHABLE_CONCURRENCY = YES;
				SWIFT_DEFAULT_ACTOR_ISOLATION = MainActor;
				SWIFT_EMIT_LOC_STRINGS = YES;
				SWIFT_UPCOMING_FEATURE_MEMBER_IMPORT_VISIBILITY = YES;
				SWIFT_VERSION = 5.0;
				TARGETED_DEVICE_FAMILY = "1,2,7";
				XROS_DEPLOYMENT_TARGET = 26.2;
			};
			name = Release;
		};
		E46AEB7B2F12B1C500B40B18 /* Debug */ = {
			isa = XCBuildConfiguration;
			buildSettings = {
				BUNDLE_LOADER = "$(TEST_HOST)";
				CODE_SIGN_STYLE = Automatic;
				CURRENT_PROJECT_VERSION = 1;
				DEVELOPMENT_TEAM = 322C5KM9KJ;
				GENERATE_INFOPLIST_FILE = YES;
				IPHONEOS_DEPLOYMENT_TARGET = 26.2;
				MACOSX_DEPLOYMENT_TARGET = 26.2;
				MARKETING_VERSION = 1.0;
				PRODUCT_BUNDLE_IDENTIFIER = Lumina.YearDotsCountdownTests;
				PRODUCT_NAME = "$(TARGET_NAME)";
				SDKROOT = auto;
				STRING_CATALOG_GENERATE_SYMBOLS = NO;
				SUPPORTED_PLATFORMS = "iphoneos iphonesimulator macosx xros xrsimulator";
				SWIFT_APPROACHABLE_CONCURRENCY = YES;
				SWIFT_EMIT_LOC_STRINGS = NO;
				SWIFT_UPCOMING_FEATURE_MEMBER_IMPORT_VISIBILITY = YES;
				SWIFT_VERSION = 5.0;
				TARGETED_DEVICE_FAMILY = "1,2,7";
				TEST_HOST = "$(BUILT_PRODUCTS_DIR)/YearDotsCountdown.app/$(BUNDLE_EXECUTABLE_FOLDER_PATH)/YearDotsCountdown";
				XROS_DEPLOYMENT_TARGET = 26.2;
			};
			name = Debug;
		};
		E46AEB7C2F12B1C500B40B18 /* Release */ = {
			isa = XCBuildConfiguration;
			buildSettings = {
				BUNDLE_LOADER = "$(TEST_HOST)";
				CODE_SIGN_STYLE = Automatic;
				CURRENT_PROJECT_VERSION = 1;
				DEVELOPMENT_TEAM = 322C5KM9KJ;
				GENERATE_INFOPLIST_FILE = YES;
				IPHONEOS_DEPLOYMENT_TARGET = 26.2;
				MACOSX_DEPLOYMENT_TARGET = 26.2;
				MARKETING_VERSION = 1.0;
				PRODUCT_BUNDLE_IDENTIFIER = Lumina.YearDotsCountdownTests;
				PRODUCT_NAME = "$(TARGET_NAME)";
				SDKROOT = auto;
				STRING_CATALOG_GENERATE_SYMBOLS = NO;
				SUPPORTED_PLATFORMS = "iphoneos iphonesimulator macosx xros xrsimulator";
				SWIFT_APPROACHABLE_CONCURRENCY = YES;
				SWIFT_EMIT_LOC_STRINGS = NO;
				SWIFT_UPCOMING_FEATURE_MEMBER_IMPORT_VISIBILITY = YES;
				SWIFT_VERSION = 5.0;
				TARGETED_DEVICE_FAMILY = "1,2,7";
				TEST_HOST = "$(BUILT_PRODUCTS_DIR)/YearDotsCountdown.app/$(BUNDLE_EXECUTABLE_FOLDER_PATH)/YearDotsCountdown";
				XROS_DEPLOYMENT_TARGET = 26.2;
			};
			name = Release;
		};
		E46AEB7E2F12B1C500B40B18 /* Debug */ = {
			isa = XCBuildConfiguration;
			buildSettings = {
				CODE_SIGN_STYLE = Automatic;
				CURRENT_PROJECT_VERSION = 1;
				DEVELOPMENT_TEAM = 322C5KM9KJ;
				GENERATE_INFOPLIST_FILE = YES;
				IPHONEOS_DEPLOYMENT_TARGET = 26.2;
				MACOSX_DEPLOYMENT_TARGET = 26.2;
				MARKETING_VERSION = 1.0;
				PRODUCT_BUNDLE_IDENTIFIER = Lumina.YearDotsCountdownUITests;
				PRODUCT_NAME = "$(TARGET_NAME)";
				SDKROOT = auto;
				STRING_CATALOG_GENERATE_SYMBOLS = NO;
				SUPPORTED_PLATFORMS = "iphoneos iphonesimulator macosx xros xrsimulator";
				SWIFT_APPROACHABLE_CONCURRENCY = YES;
				SWIFT_EMIT_LOC_STRINGS = NO;
				SWIFT_UPCOMING_FEATURE_MEMBER_IMPORT_VISIBILITY = YES;
				SWIFT_VERSION = 5.0;
				TARGETED_DEVICE_FAMILY = "1,2,7";
				TEST_TARGET_NAME = YearDotsCountdown;
				XROS_DEPLOYMENT_TARGET = 26.2;
			};
			name = Debug;
		};
		E46AEB7F2F12B1C500B40B18 /* Release */ = {
			isa = XCBuildConfiguration;
			buildSettings = {
				CODE_SIGN_STYLE = Automatic;
				CURRENT_PROJECT_VERSION = 1;
				DEVELOPMENT_TEAM = 322C5KM9KJ;
				GENERATE_INFOPLIST_FILE = YES;
				IPHONEOS_DEPLOYMENT_TARGET = 26.2;
				MACOSX_DEPLOYMENT_TARGET = 26.2;
				MARKETING_VERSION = 1.0;
				PRODUCT_BUNDLE_IDENTIFIER = Lumina.YearDotsCountdownUITests;
				PRODUCT_NAME = "$(TARGET_NAME)";
				SDKROOT = auto;
				STRING_CATALOG_GENERATE_SYMBOLS = NO;
				SUPPORTED_PLATFORMS = "iphoneos iphonesimulator macosx xros xrsimulator";
				SWIFT_APPROACHABLE_CONCURRENCY = YES;
				SWIFT_EMIT_LOC_STRINGS = NO;
				SWIFT_UPCOMING_FEATURE_MEMBER_IMPORT_VISIBILITY = YES;
				SWIFT_VERSION = 5.0;
				TARGETED_DEVICE_FAMILY = "1,2,7";
				TEST_TARGET_NAME = YearDotsCountdown;
				XROS_DEPLOYMENT_TARGET = 26.2;
			};
			name = Release;
		};
		E46AEB982F12EC1100B40B18 /* Debug */ = {
			isa = XCBuildConfiguration;
			buildSettings = {
				ASSETCATALOG_COMPILER_GLOBAL_ACCENT_COLOR_NAME = AccentColor;
				ASSETCATALOG_COMPILER_WIDGET_BACKGROUND_COLOR_NAME = WidgetBackground;
				CODE_SIGN_STYLE = Automatic;
				CURRENT_PROJECT_VERSION = 1;
				DEVELOPMENT_TEAM = 322C5KM9KJ;
				GENERATE_INFOPLIST_FILE = YES;
				INFOPLIST_FILE = YearDotsWidget/Info.plist;
				INFOPLIST_KEY_CFBundleDisplayName = YearDotsWidget;
				INFOPLIST_KEY_NSHumanReadableCopyright = "";
				LD_RUNPATH_SEARCH_PATHS = (
					"$(inherited)",
					"@executable_path/Frameworks",
					"@executable_path/../../Frameworks",
				);
				MARKETING_VERSION = 1.0;
				PRODUCT_BUNDLE_IDENTIFIER = Lumina.YearDotsCountdown.YearDotsWidget;
				PRODUCT_NAME = "$(TARGET_NAME)";
				SDKROOT = iphoneos;
				SKIP_INSTALL = YES;
				STRING_CATALOG_GENERATE_SYMBOLS = YES;
				SUPPORTED_PLATFORMS = "iphoneos iphonesimulator";
				SUPPORTS_MACCATALYST = NO;
				SWIFT_APPROACHABLE_CONCURRENCY = YES;
				SWIFT_EMIT_LOC_STRINGS = YES;
				SWIFT_UPCOMING_FEATURE_MEMBER_IMPORT_VISIBILITY = YES;
				SWIFT_VERSION = 5.0;
				TARGETED_DEVICE_FAMILY = 1;
				XROS_DEPLOYMENT_TARGET = 26.2;
			};
			name = Debug;
		};
		E46AEB992F12EC1100B40B18 /* Release */ = {
			isa = XCBuildConfiguration;
			buildSettings = {
				ASSETCATALOG_COMPILER_GLOBAL_ACCENT_COLOR_NAME = AccentColor;
				ASSETCATALOG_COMPILER_WIDGET_BACKGROUND_COLOR_NAME = WidgetBackground;
				CODE_SIGN_STYLE = Automatic;
				CURRENT_PROJECT_VERSION = 1;
				DEVELOPMENT_TEAM = 322C5KM9KJ;
				GENERATE_INFOPLIST_FILE = YES;
				INFOPLIST_FILE = YearDotsWidget/Info.plist;
				INFOPLIST_KEY_CFBundleDisplayName = YearDotsWidget;
				INFOPLIST_KEY_NSHumanReadableCopyright = "";
				LD_RUNPATH_SEARCH_PATHS = (
					"$(inherited)",
					"@executable_path/Frameworks",
					"@executable_path/../../Frameworks",
				);
				MARKETING_VERSION = 1.0;
				PRODUCT_BUNDLE_IDENTIFIER = Lumina.YearDotsCountdown.YearDotsWidget;
				PRODUCT_NAME = "$(TARGET_NAME)";
				SDKROOT = iphoneos;
				SKIP_INSTALL = YES;
				STRING_CATALOG_GENERATE_SYMBOLS = YES;
				SUPPORTED_PLATFORMS = "iphoneos iphonesimulator";
				SUPPORTS_MACCATALYST = NO;
				SWIFT_APPROACHABLE_CONCURRENCY = YES;
				SWIFT_EMIT_LOC_STRINGS = YES;
				SWIFT_UPCOMING_FEATURE_MEMBER_IMPORT_VISIBILITY = YES;
				SWIFT_VERSION = 5.0;
				TARGETED_DEVICE_FAMILY = 1;
				VALIDATE_PRODUCT = YES;
				XROS_DEPLOYMENT_TARGET = 26.2;
			};
			name = Release;
		};
/* End XCBuildConfiguration section */

/* Begin XCConfigurationList section */
		E46AEB512F12B1C400B40B18 /* Build configuration list for PBXProject "YearDotsCountdown" */ = {
			isa = XCConfigurationList;
			buildConfigurations = (
				E46AEB752F12B1C500B40B18 /* Debug */,
				E46AEB762F12B1C500B40B18 /* Release */,
			);
			defaultConfigurationIsVisible = 0;
			defaultConfigurationName = Release;
		};
		E46AEB772F12B1C500B40B18 /* Build configuration list for PBXNativeTarget "YearDotsCountdown" */ = {
			isa = XCConfigurationList;
			buildConfigurations = (
				E46AEB782F12B1C500B40B18 /* Debug */,
				E46AEB792F12B1C500B40B18 /* Release */,
			);
			defaultConfigurationIsVisible = 0;
			defaultConfigurationName = Release;
		};
		E46AEB7A2F12B1C500B40B18 /* Build configuration list for PBXNativeTarget "YearDotsCountdownTests" */ = {
			isa = XCConfigurationList;
			buildConfigurations = (
				E46AEB7B2F12B1C500B40B18 /* Debug */,
				E46AEB7C2F12B1C500B40B18 /* Release */,
			);
			defaultConfigurationIsVisible = 0;
			defaultConfigurationName = Release;
		};
		E46AEB7D2F12B1C500B40B18 /* Build configuration list for PBXNativeTarget "YearDotsCountdownUITests" */ = {
			isa = XCConfigurationList;
			buildConfigurations = (
				E46AEB7E2F12B1C500B40B18 /* Debug */,
				E46AEB7F2F12B1C500B40B18 /* Release */,
			);
			defaultConfigurationIsVisible = 0;
			defaultConfigurationName = Release;
		};
		E46AEB972F12EC1100B40B18 /* Build configuration list for PBXNativeTarget "YearDotsWidgetExtension" */ = {
			isa = XCConfigurationList;
			buildConfigurations = (
				E46AEB982F12EC1100B40B18 /* Debug */,
				E46AEB992F12EC1100B40B18 /* Release */,
			);
			defaultConfigurationIsVisible = 0;
			defaultConfigurationName = Release;
		};
/* End XCConfigurationList section */
	};
	rootObject = E46AEB4E2F12B1C400B40B18 /* Project object */;
}
